// !$*UTF8*$!
{
	archiveVersion = 1;
	classes = {
	};
	objectVersion = 46;
	objects = {

/* Begin PBXBuildFile section */
		F58714771A2E6925003A002D /* OpenCTM.framework in Frameworks */ = {isa = PBXBuildFile; fileRef = F5CD0E401A2D08BF00335F6E /* OpenCTM.framework */; };
		F58714781A2E6925003A002D /* OpenCTM.framework in Embed Frameworks */ = {isa = PBXBuildFile; fileRef = F5CD0E401A2D08BF00335F6E /* OpenCTM.framework */; settings = {ATTRIBUTES = (CodeSignOnCopy, RemoveHeadersOnCopy, ); }; };
		F587147D1A2E74F3003A002D /* noise_normal.png in Resources */ = {isa = PBXBuildFile; fileRef = F587147C1A2E74F3003A002D /* noise_normal.png */; };
		F587147F1A2F4D82003A002D /* RMEAdvanced.json in Resources */ = {isa = PBXBuildFile; fileRef = F587147E1A2F4D82003A002D /* RMEAdvanced.json */; };
		F5CCA1DE1A2F4F3C00E092C0 /* Hospital.json in Resources */ = {isa = PBXBuildFile; fileRef = F5CCA1DD1A2F4F3C00E092C0 /* Hospital.json */; };
		F5CD0E421A2D110F00335F6E /* SampleHouse.json in Resources */ = {isa = PBXBuildFile; fileRef = F5CD0E411A2D110F00335F6E /* SampleHouse.json */; };
		F5DF9EFC1A2CFA340085DEFF /* main.m in Sources */ = {isa = PBXBuildFile; fileRef = F5DF9EFB1A2CFA340085DEFF /* main.m */; };
		F5DF9EFF1A2CFA340085DEFF /* AppDelegate.m in Sources */ = {isa = PBXBuildFile; fileRef = F5DF9EFE1A2CFA340085DEFF /* AppDelegate.m */; };
		F5DF9F011A2CFA340085DEFF /* art.scnassets in Resources */ = {isa = PBXBuildFile; fileRef = F5DF9F001A2CFA340085DEFF /* art.scnassets */; };
		F5DF9F041A2CFA340085DEFF /* GameViewController.m in Sources */ = {isa = PBXBuildFile; fileRef = F5DF9F031A2CFA340085DEFF /* GameViewController.m */; };
		F5DF9F071A2CFA340085DEFF /* Main.storyboard in Resources */ = {isa = PBXBuildFile; fileRef = F5DF9F051A2CFA340085DEFF /* Main.storyboard */; };
		F5DF9F091A2CFA340085DEFF /* Images.xcassets in Resources */ = {isa = PBXBuildFile; fileRef = F5DF9F081A2CFA340085DEFF /* Images.xcassets */; };
		F5DF9F0C1A2CFA340085DEFF /* LaunchScreen.xib in Resources */ = {isa = PBXBuildFile; fileRef = F5DF9F0A1A2CFA340085DEFF /* LaunchScreen.xib */; };
		F5DF9F181A2CFA340085DEFF /* SceneKitTestTests.m in Sources */ = {isa = PBXBuildFile; fileRef = F5DF9F171A2CFA340085DEFF /* SceneKitTestTests.m */; };
		F5DF9F511A2CFB950085DEFF /* INVJSONCTMManager.m in Sources */ = {isa = PBXBuildFile; fileRef = F5DF9F501A2CFB950085DEFF /* INVJSONCTMManager.m */; };
/* End PBXBuildFile section */

/* Begin PBXContainerItemProxy section */
		F58714791A2E6925003A002D /* PBXContainerItemProxy */ = {
			isa = PBXContainerItemProxy;
			containerPortal = F5DF9F3B1A2CFB530085DEFF /* OpenCTM.xcodeproj */;
			proxyType = 1;
			remoteGlobalIDString = F548D47C1A1CE7DB00503F2F;
			remoteInfo = OpenCTM;
		};
		F5CD0E3F1A2D08BF00335F6E /* PBXContainerItemProxy */ = {
			isa = PBXContainerItemProxy;
			containerPortal = F5DF9F3B1A2CFB530085DEFF /* OpenCTM.xcodeproj */;
			proxyType = 2;
			remoteGlobalIDString = F548D47D1A1CE7DB00503F2F;
			remoteInfo = OpenCTM;
		};
		F5DF9F121A2CFA340085DEFF /* PBXContainerItemProxy */ = {
			isa = PBXContainerItemProxy;
			containerPortal = F5DF9EEE1A2CFA340085DEFF /* Project object */;
			proxyType = 1;
			remoteGlobalIDString = F5DF9EF51A2CFA340085DEFF;
			remoteInfo = SceneKitTest;
		};
/* End PBXContainerItemProxy section */

/* Begin PBXCopyFilesBuildPhase section */
		F587147B1A2E6925003A002D /* Embed Frameworks */ = {
			isa = PBXCopyFilesBuildPhase;
			buildActionMask = 2147483647;
			dstPath = "";
			dstSubfolderSpec = 10;
			files = (
				F58714781A2E6925003A002D /* OpenCTM.framework in Embed Frameworks */,
			);
			name = "Embed Frameworks";
			runOnlyForDeploymentPostprocessing = 0;
		};
/* End PBXCopyFilesBuildPhase section */

/* Begin PBXFileReference section */
		F587147C1A2E74F3003A002D /* noise_normal.png */ = {isa = PBXFileReference; lastKnownFileType = image.png; path = noise_normal.png; sourceTree = "<group>"; };
		F587147E1A2F4D82003A002D /* RMEAdvanced.json */ = {isa = PBXFileReference; fileEncoding = 4; lastKnownFileType = text.json; path = RMEAdvanced.json; sourceTree = "<group>"; };
		F5CCA1DD1A2F4F3C00E092C0 /* Hospital.json */ = {isa = PBXFileReference; fileEncoding = 4; lastKnownFileType = text.json; path = Hospital.json; sourceTree = "<group>"; };
		F5CD0E411A2D110F00335F6E /* SampleHouse.json */ = {isa = PBXFileReference; fileEncoding = 4; lastKnownFileType = text.json; path = SampleHouse.json; sourceTree = "<group>"; };
		F5DF9EF61A2CFA340085DEFF /* SceneKitTest.app */ = {isa = PBXFileReference; explicitFileType = wrapper.application; includeInIndex = 0; path = SceneKitTest.app; sourceTree = BUILT_PRODUCTS_DIR; };
		F5DF9EFA1A2CFA340085DEFF /* Info.plist */ = {isa = PBXFileReference; lastKnownFileType = text.plist.xml; path = Info.plist; sourceTree = "<group>"; };
		F5DF9EFB1A2CFA340085DEFF /* main.m */ = {isa = PBXFileReference; lastKnownFileType = sourcecode.c.objc; path = main.m; sourceTree = "<group>"; };
		F5DF9EFD1A2CFA340085DEFF /* AppDelegate.h */ = {isa = PBXFileReference; lastKnownFileType = sourcecode.c.h; path = AppDelegate.h; sourceTree = "<group>"; };
		F5DF9EFE1A2CFA340085DEFF /* AppDelegate.m */ = {isa = PBXFileReference; lastKnownFileType = sourcecode.c.objc; path = AppDelegate.m; sourceTree = "<group>"; };
		F5DF9F001A2CFA340085DEFF /* art.scnassets */ = {isa = PBXFileReference; lastKnownFileType = wrapper.scnassets; path = art.scnassets; sourceTree = "<group>"; };
		F5DF9F021A2CFA340085DEFF /* GameViewController.h */ = {isa = PBXFileReference; lastKnownFileType = sourcecode.c.h; path = GameViewController.h; sourceTree = "<group>"; };
		F5DF9F031A2CFA340085DEFF /* GameViewController.m */ = {isa = PBXFileReference; lastKnownFileType = sourcecode.c.objc; path = GameViewController.m; sourceTree = "<group>"; };
		F5DF9F061A2CFA340085DEFF /* Base */ = {isa = PBXFileReference; lastKnownFileType = file.storyboard; name = Base; path = Base.lproj/Main.storyboard; sourceTree = "<group>"; };
		F5DF9F081A2CFA340085DEFF /* Images.xcassets */ = {isa = PBXFileReference; lastKnownFileType = folder.assetcatalog; path = Images.xcassets; sourceTree = "<group>"; };
		F5DF9F0B1A2CFA340085DEFF /* Base */ = {isa = PBXFileReference; lastKnownFileType = file.xib; name = Base; path = Base.lproj/LaunchScreen.xib; sourceTree = "<group>"; };
		F5DF9F111A2CFA340085DEFF /* SceneKitTestTests.xctest */ = {isa = PBXFileReference; explicitFileType = wrapper.cfbundle; includeInIndex = 0; path = SceneKitTestTests.xctest; sourceTree = BUILT_PRODUCTS_DIR; };
		F5DF9F161A2CFA340085DEFF /* Info.plist */ = {isa = PBXFileReference; lastKnownFileType = text.plist.xml; path = Info.plist; sourceTree = "<group>"; };
		F5DF9F171A2CFA340085DEFF /* SceneKitTestTests.m */ = {isa = PBXFileReference; lastKnownFileType = sourcecode.c.objc; path = SceneKitTestTests.m; sourceTree = "<group>"; };
		F5DF9F3B1A2CFB530085DEFF /* OpenCTM.xcodeproj */ = {isa = PBXFileReference; lastKnownFileType = "wrapper.pb-project"; name = OpenCTM.xcodeproj; path = OpenCTM/OpenCTM.xcodeproj; sourceTree = "<group>"; };
		F5DF9F4F1A2CFB950085DEFF /* INVJSONCTMManager.h */ = {isa = PBXFileReference; fileEncoding = 4; lastKnownFileType = sourcecode.c.h; path = INVJSONCTMManager.h; sourceTree = "<group>"; };
		F5DF9F501A2CFB950085DEFF /* INVJSONCTMManager.m */ = {isa = PBXFileReference; fileEncoding = 4; lastKnownFileType = sourcecode.c.objc; path = INVJSONCTMManager.m; sourceTree = "<group>"; };
/* End PBXFileReference section */

/* Begin PBXFrameworksBuildPhase section */
		F5DF9EF31A2CFA340085DEFF /* Frameworks */ = {
			isa = PBXFrameworksBuildPhase;
			buildActionMask = 2147483647;
			files = (
				F58714771A2E6925003A002D /* OpenCTM.framework in Frameworks */,
			);
			runOnlyForDeploymentPostprocessing = 0;
		};
		F5DF9F0E1A2CFA340085DEFF /* Frameworks */ = {
			isa = PBXFrameworksBuildPhase;
			buildActionMask = 2147483647;
			files = (
			);
			runOnlyForDeploymentPostprocessing = 0;
		};
/* End PBXFrameworksBuildPhase section */

/* Begin PBXGroup section */
		F5CD0E3C1A2D08BF00335F6E /* Products */ = {
			isa = PBXGroup;
			children = (
				F5CD0E401A2D08BF00335F6E /* OpenCTM.framework */,
			);
			name = Products;
			sourceTree = "<group>";
		};
		F5DF9EED1A2CFA340085DEFF = {
			isa = PBXGroup;
			children = (
				F5DF9F3B1A2CFB530085DEFF /* OpenCTM.xcodeproj */,
				F5DF9EF81A2CFA340085DEFF /* SceneKitTest */,
				F5DF9F141A2CFA340085DEFF /* SceneKitTestTests */,
				F5DF9EF71A2CFA340085DEFF /* Products */,
			);
			sourceTree = "<group>";
		};
		F5DF9EF71A2CFA340085DEFF /* Products */ = {
			isa = PBXGroup;
			children = (
				F5DF9EF61A2CFA340085DEFF /* SceneKitTest.app */,
				F5DF9F111A2CFA340085DEFF /* SceneKitTestTests.xctest */,
			);
			name = Products;
			sourceTree = "<group>";
		};
		F5DF9EF81A2CFA340085DEFF /* SceneKitTest */ = {
			isa = PBXGroup;
			children = (
				F5CCA1DD1A2F4F3C00E092C0 /* Hospital.json */,
				F587147C1A2E74F3003A002D /* noise_normal.png */,
				F5CD0E411A2D110F00335F6E /* SampleHouse.json */,
				F5DF9F4F1A2CFB950085DEFF /* INVJSONCTMManager.h */,
				F5DF9F501A2CFB950085DEFF /* INVJSONCTMManager.m */,
				F5DF9EFD1A2CFA340085DEFF /* AppDelegate.h */,
				F5DF9EFE1A2CFA340085DEFF /* AppDelegate.m */,
				F5DF9F001A2CFA340085DEFF /* art.scnassets */,
				F5DF9F021A2CFA340085DEFF /* GameViewController.h */,
				F5DF9F031A2CFA340085DEFF /* GameViewController.m */,
				F5DF9F051A2CFA340085DEFF /* Main.storyboard */,
				F5DF9F081A2CFA340085DEFF /* Images.xcassets */,
				F5DF9F0A1A2CFA340085DEFF /* LaunchScreen.xib */,
				F5DF9EF91A2CFA340085DEFF /* Supporting Files */,
				F587147E1A2F4D82003A002D /* RMEAdvanced.json */,
			);
			path = SceneKitTest;
			sourceTree = "<group>";
		};
		F5DF9EF91A2CFA340085DEFF /* Supporting Files */ = {
			isa = PBXGroup;
			children = (
				F5DF9EFA1A2CFA340085DEFF /* Info.plist */,
				F5DF9EFB1A2CFA340085DEFF /* main.m */,
			);
			name = "Supporting Files";
			sourceTree = "<group>";
		};
		F5DF9F141A2CFA340085DEFF /* SceneKitTestTests */ = {
			isa = PBXGroup;
			children = (
				F5DF9F171A2CFA340085DEFF /* SceneKitTestTests.m */,
				F5DF9F151A2CFA340085DEFF /* Supporting Files */,
			);
			path = SceneKitTestTests;
			sourceTree = "<group>";
		};
		F5DF9F151A2CFA340085DEFF /* Supporting Files */ = {
			isa = PBXGroup;
			children = (
				F5DF9F161A2CFA340085DEFF /* Info.plist */,
			);
			name = "Supporting Files";
			sourceTree = "<group>";
		};
/* End PBXGroup section */

/* Begin PBXNativeTarget section */
		F5DF9EF51A2CFA340085DEFF /* SceneKitTest */ = {
			isa = PBXNativeTarget;
			buildConfigurationList = F5DF9F1B1A2CFA340085DEFF /* Build configuration list for PBXNativeTarget "SceneKitTest" */;
			buildPhases = (
				F5DF9EF21A2CFA340085DEFF /* Sources */,
				F5DF9EF31A2CFA340085DEFF /* Frameworks */,
				F5DF9EF41A2CFA340085DEFF /* Resources */,
				F587147B1A2E6925003A002D /* Embed Frameworks */,
			);
			buildRules = (
			);
			dependencies = (
				F587147A1A2E6925003A002D /* PBXTargetDependency */,
			);
			name = SceneKitTest;
			productName = SceneKitTest;
			productReference = F5DF9EF61A2CFA340085DEFF /* SceneKitTest.app */;
			productType = "com.apple.product-type.application";
		};
		F5DF9F101A2CFA340085DEFF /* SceneKitTestTests */ = {
			isa = PBXNativeTarget;
			buildConfigurationList = F5DF9F1E1A2CFA340085DEFF /* Build configuration list for PBXNativeTarget "SceneKitTestTests" */;
			buildPhases = (
				F5DF9F0D1A2CFA340085DEFF /* Sources */,
				F5DF9F0E1A2CFA340085DEFF /* Frameworks */,
				F5DF9F0F1A2CFA340085DEFF /* Resources */,
			);
			buildRules = (
			);
			dependencies = (
				F5DF9F131A2CFA340085DEFF /* PBXTargetDependency */,
			);
			name = SceneKitTestTests;
			productName = SceneKitTestTests;
			productReference = F5DF9F111A2CFA340085DEFF /* SceneKitTestTests.xctest */;
			productType = "com.apple.product-type.bundle.unit-test";
		};
/* End PBXNativeTarget section */

/* Begin PBXProject section */
		F5DF9EEE1A2CFA340085DEFF /* Project object */ = {
			isa = PBXProject;
			attributes = {
				LastUpgradeCheck = 0610;
				ORGANIZATIONNAME = Invicara;
				TargetAttributes = {
					F5DF9EF51A2CFA340085DEFF = {
						CreatedOnToolsVersion = 6.1;
					};
					F5DF9F101A2CFA340085DEFF = {
						CreatedOnToolsVersion = 6.1;
						TestTargetID = F5DF9EF51A2CFA340085DEFF;
					};
				};
			};
			buildConfigurationList = F5DF9EF11A2CFA340085DEFF /* Build configuration list for PBXProject "SceneKitTest" */;
			compatibilityVersion = "Xcode 3.2";
			developmentRegion = English;
			hasScannedForEncodings = 0;
			knownRegions = (
				en,
				Base,
			);
			mainGroup = F5DF9EED1A2CFA340085DEFF;
			productRefGroup = F5DF9EF71A2CFA340085DEFF /* Products */;
			projectDirPath = "";
			projectReferences = (
				{
					ProductGroup = F5CD0E3C1A2D08BF00335F6E /* Products */;
					ProjectRef = F5DF9F3B1A2CFB530085DEFF /* OpenCTM.xcodeproj */;
				},
			);
			projectRoot = "";
			targets = (
				F5DF9EF51A2CFA340085DEFF /* SceneKitTest */,
				F5DF9F101A2CFA340085DEFF /* SceneKitTestTests */,
			);
		};
/* End PBXProject section */

/* Begin PBXReferenceProxy section */
		F5CD0E401A2D08BF00335F6E /* OpenCTM.framework */ = {
			isa = PBXReferenceProxy;
			fileType = wrapper.framework;
			path = OpenCTM.framework;
			remoteRef = F5CD0E3F1A2D08BF00335F6E /* PBXContainerItemProxy */;
			sourceTree = BUILT_PRODUCTS_DIR;
		};
/* End PBXReferenceProxy section */

/* Begin PBXResourcesBuildPhase section */
		F5DF9EF41A2CFA340085DEFF /* Resources */ = {
			isa = PBXResourcesBuildPhase;
			buildActionMask = 2147483647;
			files = (
				F5DF9F0C1A2CFA340085DEFF /* LaunchScreen.xib in Resources */,
				F5CCA1DE1A2F4F3C00E092C0 /* Hospital.json in Resources */,
				F587147D1A2E74F3003A002D /* noise_normal.png in Resources */,
				F5CD0E421A2D110F00335F6E /* SampleHouse.json in Resources */,
				F5DF9F091A2CFA340085DEFF /* Images.xcassets in Resources */,
				F5DF9F011A2CFA340085DEFF /* art.scnassets in Resources */,
				F587147F1A2F4D82003A002D /* RMEAdvanced.json in Resources */,
				F5DF9F071A2CFA340085DEFF /* Main.storyboard in Resources */,
			);
			runOnlyForDeploymentPostprocessing = 0;
		};
		F5DF9F0F1A2CFA340085DEFF /* Resources */ = {
			isa = PBXResourcesBuildPhase;
			buildActionMask = 2147483647;
			files = (
			);
			runOnlyForDeploymentPostprocessing = 0;
		};
/* End PBXResourcesBuildPhase section */

/* Begin PBXSourcesBuildPhase section */
		F5DF9EF21A2CFA340085DEFF /* Sources */ = {
			isa = PBXSourcesBuildPhase;
			buildActionMask = 2147483647;
			files = (
				F5DF9F511A2CFB950085DEFF /* INVJSONCTMManager.m in Sources */,
				F5DF9EFF1A2CFA340085DEFF /* AppDelegate.m in Sources */,
				F5DF9F041A2CFA340085DEFF /* GameViewController.m in Sources */,
				F5DF9EFC1A2CFA340085DEFF /* main.m in Sources */,
			);
			runOnlyForDeploymentPostprocessing = 0;
		};
		F5DF9F0D1A2CFA340085DEFF /* Sources */ = {
			isa = PBXSourcesBuildPhase;
			buildActionMask = 2147483647;
			files = (
				F5DF9F181A2CFA340085DEFF /* SceneKitTestTests.m in Sources */,
			);
			runOnlyForDeploymentPostprocessing = 0;
		};
/* End PBXSourcesBuildPhase section */

/* Begin PBXTargetDependency section */
		F587147A1A2E6925003A002D /* PBXTargetDependency */ = {
			isa = PBXTargetDependency;
			name = OpenCTM;
			targetProxy = F58714791A2E6925003A002D /* PBXContainerItemProxy */;
		};
		F5DF9F131A2CFA340085DEFF /* PBXTargetDependency */ = {
			isa = PBXTargetDependency;
			target = F5DF9EF51A2CFA340085DEFF /* SceneKitTest */;
			targetProxy = F5DF9F121A2CFA340085DEFF /* PBXContainerItemProxy */;
		};
/* End PBXTargetDependency section */

/* Begin PBXVariantGroup section */
		F5DF9F051A2CFA340085DEFF /* Main.storyboard */ = {
			isa = PBXVariantGroup;
			children = (
				F5DF9F061A2CFA340085DEFF /* Base */,
			);
			name = Main.storyboard;
			sourceTree = "<group>";
		};
		F5DF9F0A1A2CFA340085DEFF /* LaunchScreen.xib */ = {
			isa = PBXVariantGroup;
			children = (
				F5DF9F0B1A2CFA340085DEFF /* Base */,
			);
			name = LaunchScreen.xib;
			sourceTree = "<group>";
		};
/* End PBXVariantGroup section */

/* Begin XCBuildConfiguration section */
		F5DF9F191A2CFA340085DEFF /* Debug */ = {
			isa = XCBuildConfiguration;
			buildSettings = {
				ALWAYS_SEARCH_USER_PATHS = NO;
				CLANG_CXX_LANGUAGE_STANDARD = "gnu++0x";
				CLANG_CXX_LIBRARY = "libc++";
				CLANG_ENABLE_MODULES = YES;
				CLANG_ENABLE_OBJC_ARC = YES;
				CLANG_WARN_BOOL_CONVERSION = YES;
				CLANG_WARN_CONSTANT_CONVERSION = YES;
				CLANG_WARN_DIRECT_OBJC_ISA_USAGE = YES_ERROR;
				CLANG_WARN_EMPTY_BODY = YES;
				CLANG_WARN_ENUM_CONVERSION = YES;
				CLANG_WARN_INT_CONVERSION = YES;
				CLANG_WARN_OBJC_ROOT_CLASS = YES_ERROR;
				CLANG_WARN_UNREACHABLE_CODE = YES;
				CLANG_WARN__DUPLICATE_METHOD_MATCH = YES;
				"CODE_SIGN_IDENTITY[sdk=iphoneos*]" = "iPhone Developer";
				COPY_PHASE_STRIP = NO;
				ENABLE_STRICT_OBJC_MSGSEND = YES;
				GCC_C_LANGUAGE_STANDARD = gnu99;
				GCC_DYNAMIC_NO_PIC = NO;
				GCC_OPTIMIZATION_LEVEL = 0;
				GCC_PREPROCESSOR_DEFINITIONS = (
					"DEBUG=1",
					"$(inherited)",
				);
				GCC_SYMBOLS_PRIVATE_EXTERN = NO;
				GCC_WARN_64_TO_32_BIT_CONVERSION = YES;
				GCC_WARN_ABOUT_RETURN_TYPE = YES_ERROR;
				GCC_WARN_UNDECLARED_SELECTOR = YES;
				GCC_WARN_UNINITIALIZED_AUTOS = YES_AGGRESSIVE;
				GCC_WARN_UNUSED_FUNCTION = YES;
				GCC_WARN_UNUSED_VARIABLE = YES;
				IPHONEOS_DEPLOYMENT_TARGET = 8.1;
				MTL_ENABLE_DEBUG_INFO = YES;
				ONLY_ACTIVE_ARCH = YES;
				SDKROOT = iphoneos;
				TARGETED_DEVICE_FAMILY = "1,2";
			};
			name = Debug;
		};
		F5DF9F1A1A2CFA340085DEFF /* Release */ = {
			isa = XCBuildConfiguration;
			buildSettings = {
				ALWAYS_SEARCH_USER_PATHS = NO;
				CLANG_CXX_LANGUAGE_STANDARD = "gnu++0x";
				CLANG_CXX_LIBRARY = "libc++";
				CLANG_ENABLE_MODULES = YES;
				CLANG_ENABLE_OBJC_ARC = YES;
				CLANG_WARN_BOOL_CONVERSION = YES;
				CLANG_WARN_CONSTANT_CONVERSION = YES;
				CLANG_WARN_DIRECT_OBJC_ISA_USAGE = YES_ERROR;
				CLANG_WARN_EMPTY_BODY = YES;
				CLANG_WARN_ENUM_CONVERSION = YES;
				CLANG_WARN_INT_CONVERSION = YES;
				CLANG_WARN_OBJC_ROOT_CLASS = YES_ERROR;
				CLANG_WARN_UNREACHABLE_CODE = YES;
				CLANG_WARN__DUPLICATE_METHOD_MATCH = YES;
				"CODE_SIGN_IDENTITY[sdk=iphoneos*]" = "iPhone Developer";
				COPY_PHASE_STRIP = YES;
				ENABLE_NS_ASSERTIONS = NO;
				ENABLE_STRICT_OBJC_MSGSEND = YES;
				GCC_C_LANGUAGE_STANDARD = gnu99;
				GCC_WARN_64_TO_32_BIT_CONVERSION = YES;
				GCC_WARN_ABOUT_RETURN_TYPE = YES_ERROR;
				GCC_WARN_UNDECLARED_SELECTOR = YES;
				GCC_WARN_UNINITIALIZED_AUTOS = YES_AGGRESSIVE;
				GCC_WARN_UNUSED_FUNCTION = YES;
				GCC_WARN_UNUSED_VARIABLE = YES;
				IPHONEOS_DEPLOYMENT_TARGET = 8.1;
				MTL_ENABLE_DEBUG_INFO = NO;
				SDKROOT = iphoneos;
				TARGETED_DEVICE_FAMILY = "1,2";
				VALIDATE_PRODUCT = YES;
			};
			name = Release;
		};
		F5DF9F1C1A2CFA340085DEFF /* Debug */ = {
			isa = XCBuildConfiguration;
			buildSettings = {
				ASSETCATALOG_COMPILER_APPICON_NAME = AppIcon;
				FRAMEWORK_SEARCH_PATHS = (
					"$(inherited)",
					"$(PROJECT_DIR)/OpenCTM/build/Debug-iphoneos",
				);
				INFOPLIST_FILE = SceneKitTest/Info.plist;
				LD_RUNPATH_SEARCH_PATHS = "$(inherited) @executable_path/Frameworks";
				PRODUCT_NAME = "$(TARGET_NAME)";
			};
			name = Debug;
		};
		F5DF9F1D1A2CFA340085DEFF /* Release */ = {
			isa = XCBuildConfiguration;
			buildSettings = {
				ASSETCATALOG_COMPILER_APPICON_NAME = AppIcon;
				FRAMEWORK_SEARCH_PATHS = (
					"$(inherited)",
					"$(PROJECT_DIR)/OpenCTM/build/Debug-iphoneos",
				);
				INFOPLIST_FILE = SceneKitTest/Info.plist;
				LD_RUNPATH_SEARCH_PATHS = "$(inherited) @executable_path/Frameworks";
				PRODUCT_NAME = "$(TARGET_NAME)";
			};
			name = Release;
		};
		F5DF9F1F1A2CFA340085DEFF /* Debug */ = {
			isa = XCBuildConfiguration;
			buildSettings = {
				BUNDLE_LOADER = "$(TEST_HOST)";
				FRAMEWORK_SEARCH_PATHS = (
					"$(SDKROOT)/Developer/Library/Frameworks",
					"$(inherited)",
				);
				GCC_PREPROCESSOR_DEFINITIONS = (
					"DEBUG=1",
					"$(inherited)",
				);
				INFOPLIST_FILE = SceneKitTestTests/Info.plist;
				LD_RUNPATH_SEARCH_PATHS = "$(inherited) @executable_path/Frameworks @loader_path/Frameworks";
				PRODUCT_NAME = "$(TARGET_NAME)";
				TEST_HOST = "$(BUILT_PRODUCTS_DIR)/SceneKitTest.app/SceneKitTest";
			};
			name = Debug;
		};
		F5DF9F201A2CFA340085DEFF /* Release */ = {
			isa = XCBuildConfiguration;
			buildSettings = {
				BUNDLE_LOADER = "$(TEST_HOST)";
				FRAMEWORK_SEARCH_PATHS = (
					"$(SDKROOT)/Developer/Library/Frameworks",
					"$(inherited)",
				);
				INFOPLIST_FILE = SceneKitTestTests/Info.plist;
				LD_RUNPATH_SEARCH_PATHS = "$(inherited) @executable_path/Frameworks @loader_path/Frameworks";
				PRODUCT_NAME = "$(TARGET_NAME)";
				TEST_HOST = "$(BUILT_PRODUCTS_DIR)/SceneKitTest.app/SceneKitTest";
			};
			name = Release;
		};
/* End XCBuildConfiguration section */

/* Begin XCConfigurationList section */
		F5DF9EF11A2CFA340085DEFF /* Build configuration list for PBXProject "SceneKitTest" */ = {
			isa = XCConfigurationList;
			buildConfigurations = (
				F5DF9F191A2CFA340085DEFF /* Debug */,
				F5DF9F1A1A2CFA340085DEFF /* Release */,
			);
			defaultConfigurationIsVisible = 0;
			defaultConfigurationName = Release;
		};
		F5DF9F1B1A2CFA340085DEFF /* Build configuration list for PBXNativeTarget "SceneKitTest" */ = {
			isa = XCConfigurationList;
			buildConfigurations = (
				F5DF9F1C1A2CFA340085DEFF /* Debug */,
				F5DF9F1D1A2CFA340085DEFF /* Release */,
			);
			defaultConfigurationIsVisible = 0;
			defaultConfigurationName = Release;
		};
		F5DF9F1E1A2CFA340085DEFF /* Build configuration list for PBXNativeTarget "SceneKitTestTests" */ = {
			isa = XCConfigurationList;
			buildConfigurations = (
				F5DF9F1F1A2CFA340085DEFF /* Debug */,
				F5DF9F201A2CFA340085DEFF /* Release */,
			);
			defaultConfigurationIsVisible = 0;
			defaultConfigurationName = Release;
		};
/* End XCConfigurationList section */
	};
	rootObject = F5DF9EEE1A2CFA340085DEFF /* Project object */;
}
